
Microsoft Visual Studio Solution File, Format Version 12.00
# Visual Studio Version 17
VisualStudioVersion = 17.12.35521.163 d17.12
MinimumVisualStudioVersion = 10.0.40219.1
Project("{FAE04EC0-301F-11D3-BF4B-00C04F79EFBC}") = "OlympicGames.Web", "OlympicGames.Web\OlympicGames.Web.csproj", "{95636E90-4FFE-4A57-A4F6-2E35F0312B87}"
EndProject
Project("{FAE04EC0-301F-11D3-BF4B-00C04F79EFBC}") = "OlympicGames.Model", "OlympicGames.Model\OlympicGames.Model.csproj", "{12AAD72F-2AE3-4A8C-847F-F50CDE383F71}"
EndProject
Project("{2150E333-8FDC-42A3-9474-1A3956D46DE8}") = "src", "src", "{C631977A-B1F0-4608-AE90-E878445BBC54}"
EndProject
Global
	GlobalSection(SolutionConfigurationPlatforms) = preSolution
		Debug|Any CPU = Debug|Any CPU
		Release|Any CPU = Release|Any CPU
	EndGlobalSection
	GlobalSection(ProjectConfigurationPlatforms) = postSolution
		{95636E90-4FFE-4A57-A4F6-2E35F0312B87}.Debug|Any CPU.ActiveCfg = Debug|Any CPU
		{95636E90-4FFE-4A57-A4F6-2E35F0312B87}.Debug|Any CPU.Build.0 = Debug|Any CPU
		{95636E90-4FFE-4A57-A4F6-2E35F0312B87}.Release|Any CPU.ActiveCfg = Release|Any CPU
		{95636E90-4FFE-4A57-A4F6-2E35F0312B87}.Release|Any CPU.Build.0 = Release|Any CPU
		{12AAD72F-2AE3-4A8C-847F-F50CDE383F71}.Debug|Any CPU.ActiveCfg = Debug|Any CPU
		{12AAD72F-2AE3-4A8C-847F-F50CDE383F71}.Debug|Any CPU.Build.0 = Debug|Any CPU
		{12AAD72F-2AE3-4A8C-847F-F50CDE383F71}.Release|Any CPU.ActiveCfg = Release|Any CPU
		{12AAD72F-2AE3-4A8C-847F-F50CDE383F71}.Release|Any CPU.Build.0 = Release|Any CPU
	EndGlobalSection
	GlobalSection(SolutionProperties) = preSolution
		HideSolutionNode = FALSE
	EndGlobalSection
	GlobalSection(NestedProjects) = preSolution
		{95636E90-4FFE-4A57-A4F6-2E35F0312B87} = {C631977A-B1F0-4608-AE90-E878445BBC54}
		{12AAD72F-2AE3-4A8C-847F-F50CDE383F71} = {C631977A-B1F0-4608-AE90-E878445BBC54}
	EndGlobalSection
EndGlobal
